
Microsoft Visual Studio Solution File, Format Version 12.00
# Visual Studio Version 16
VisualStudioVersion = 16.0.31321.278
MinimumVisualStudioVersion = 10.0.40219.1
Project("{9A19103F-16F7-4668-BE54-9A1E7A4F7556}") = "API", "API\API.csproj", "{8DABFE22-C8FA-46CF-89CF-836A187CC798}"
EndProject
Project("{9A19103F-16F7-4668-BE54-9A1E7A4F7556}") = "BusinessLayer", "BusinessLayer\BusinessLayer.csproj", "{E9A24D97-4FE7-4A77-94AE-8F0A57BA6E4D}"
EndProject
Project("{9A19103F-16F7-4668-BE54-9A1E7A4F7556}") = "DAL", "DAL\DAL.csproj", "{B1DC6055-C39B-4D46-A681-F279612E1642}"
EndProject
Project("{9A19103F-16F7-4668-BE54-9A1E7A4F7556}") = "WebApp", "WebApp\WebApp.csproj", "{5C286EBC-BC5E-4F02-83EA-A8293509F03A}"
EndProject
Project("{9A19103F-16F7-4668-BE54-9A1E7A4F7556}") = "Entities", "Entities\Entities.csproj", "{D3A3BCBB-A1B8-474C-8F57-FD252BE3B726}"
EndProject
Project("{FAE04EC0-301F-11D3-BF4B-00C04F79EFBC}") = "EntitiesTests", "EntitiesTests\EntitiesTests.csproj", "{F06058E3-84C9-4751-99EA-B0F1646A831A}"
EndProject
Global
	GlobalSection(SolutionConfigurationPlatforms) = preSolution
		Debug|Any CPU = Debug|Any CPU
		Release|Any CPU = Release|Any CPU
	EndGlobalSection
	GlobalSection(ProjectConfigurationPlatforms) = postSolution
		{8DABFE22-C8FA-46CF-89CF-836A187CC798}.Debug|Any CPU.ActiveCfg = Debug|Any CPU
		{8DABFE22-C8FA-46CF-89CF-836A187CC798}.Debug|Any CPU.Build.0 = Debug|Any CPU
		{8DABFE22-C8FA-46CF-89CF-836A187CC798}.Release|Any CPU.ActiveCfg = Release|Any CPU
		{8DABFE22-C8FA-46CF-89CF-836A187CC798}.Release|Any CPU.Build.0 = Release|Any CPU
		{E9A24D97-4FE7-4A77-94AE-8F0A57BA6E4D}.Debug|Any CPU.ActiveCfg = Debug|Any CPU
		{E9A24D97-4FE7-4A77-94AE-8F0A57BA6E4D}.Debug|Any CPU.Build.0 = Debug|Any CPU
		{E9A24D97-4FE7-4A77-94AE-8F0A57BA6E4D}.Release|Any CPU.ActiveCfg = Release|Any CPU
		{E9A24D97-4FE7-4A77-94AE-8F0A57BA6E4D}.Release|Any CPU.Build.0 = Release|Any CPU
		{B1DC6055-C39B-4D46-A681-F279612E1642}.Debug|Any CPU.ActiveCfg = Debug|Any CPU
		{B1DC6055-C39B-4D46-A681-F279612E1642}.Debug|Any CPU.Build.0 = Debug|Any CPU
		{B1DC6055-C39B-4D46-A681-F279612E1642}.Release|Any CPU.ActiveCfg = Release|Any CPU
		{B1DC6055-C39B-4D46-A681-F279612E1642}.Release|Any CPU.Build.0 = Release|Any CPU
		{5C286EBC-BC5E-4F02-83EA-A8293509F03A}.Debug|Any CPU.ActiveCfg = Debug|Any CPU
		{5C286EBC-BC5E-4F02-83EA-A8293509F03A}.Debug|Any CPU.Build.0 = Debug|Any CPU
		{5C286EBC-BC5E-4F02-83EA-A8293509F03A}.Release|Any CPU.ActiveCfg = Release|Any CPU
		{5C286EBC-BC5E-4F02-83EA-A8293509F03A}.Release|Any CPU.Build.0 = Release|Any CPU
		{D3A3BCBB-A1B8-474C-8F57-FD252BE3B726}.Debug|Any CPU.ActiveCfg = Debug|Any CPU
		{D3A3BCBB-A1B8-474C-8F57-FD252BE3B726}.Debug|Any CPU.Build.0 = Debug|Any CPU
		{D3A3BCBB-A1B8-474C-8F57-FD252BE3B726}.Release|Any CPU.ActiveCfg = Release|Any CPU
		{D3A3BCBB-A1B8-474C-8F57-FD252BE3B726}.Release|Any CPU.Build.0 = Release|Any CPU
		{F06058E3-84C9-4751-99EA-B0F1646A831A}.Debug|Any CPU.ActiveCfg = Debug|Any CPU
		{F06058E3-84C9-4751-99EA-B0F1646A831A}.Debug|Any CPU.Build.0 = Debug|Any CPU
		{F06058E3-84C9-4751-99EA-B0F1646A831A}.Release|Any CPU.ActiveCfg = Release|Any CPU
		{F06058E3-84C9-4751-99EA-B0F1646A831A}.Release|Any CPU.Build.0 = Release|Any CPU
	EndGlobalSection
	GlobalSection(SolutionProperties) = preSolution
		HideSolutionNode = FALSE
	EndGlobalSection
	GlobalSection(ExtensibilityGlobals) = postSolution
		SolutionGuid = {EEB2B047-8795-40B3-8A36-B13998E0C5A3}
	EndGlobalSection
EndGlobal
